// !$*UTF8*$!
{
	archiveVersion = 1;
	classes = {
	};
	objectVersion = 48;
	objects = {

/* Begin PBXBuildFile section */
		3F297E5321603E6700CFA70A /* ElectricalEngineer.swift in Sources */ = {isa = PBXBuildFile; fileRef = 3F297E5221603E6700CFA70A /* ElectricalEngineer.swift */; };
		3F297E5521603E8D00CFA70A /* IntPow.swift in Sources */ = {isa = PBXBuildFile; fileRef = 3F297E5421603E8D00CFA70A /* IntPow.swift */; };
		3FF36239215EEB79003FDBDB /* AppDelegate.swift in Sources */ = {isa = PBXBuildFile; fileRef = 3FF36238215EEB79003FDBDB /* AppDelegate.swift */; };
		3FF3623B215EEB79003FDBDB /* ProblemViewController.swift in Sources */ = {isa = PBXBuildFile; fileRef = 3FF3623A215EEB79003FDBDB /* ProblemViewController.swift */; };
		3FF3623D215EEB79003FDBDB /* StatisticsViewController.swift in Sources */ = {isa = PBXBuildFile; fileRef = 3FF3623C215EEB79003FDBDB /* StatisticsViewController.swift */; };
		3FF36240215EEB79003FDBDB /* Main.storyboard in Resources */ = {isa = PBXBuildFile; fileRef = 3FF3623E215EEB79003FDBDB /* Main.storyboard */; };
		3FF36242215EEB79003FDBDB /* Assets.xcassets in Resources */ = {isa = PBXBuildFile; fileRef = 3FF36241215EEB79003FDBDB /* Assets.xcassets */; };
		3FF36245215EEB79003FDBDB /* LaunchScreen.storyboard in Resources */ = {isa = PBXBuildFile; fileRef = 3FF36243215EEB79003FDBDB /* LaunchScreen.storyboard */; };
		3FF3624D215EEF2D003FDBDB /* ColorCodeInfoViewController.swift in Sources */ = {isa = PBXBuildFile; fileRef = 3FF3624C215EEF2D003FDBDB /* ColorCodeInfoViewController.swift */; };
/* End PBXBuildFile section */

/* Begin PBXFileReference section */
		3F297E5221603E6700CFA70A /* ElectricalEngineer.swift */ = {isa = PBXFileReference; fileEncoding = 4; lastKnownFileType = sourcecode.swift; path = ElectricalEngineer.swift; sourceTree = "<group>"; };
		3F297E5421603E8D00CFA70A /* IntPow.swift */ = {isa = PBXFileReference; fileEncoding = 4; lastKnownFileType = sourcecode.swift; path = IntPow.swift; sourceTree = "<group>"; };
		3FF36235215EEB79003FDBDB /* Utile.app */ = {isa = PBXFileReference; explicitFileType = wrapper.application; includeInIndex = 0; path = Utile.app; sourceTree = BUILT_PRODUCTS_DIR; };
		3FF36238215EEB79003FDBDB /* AppDelegate.swift */ = {isa = PBXFileReference; lastKnownFileType = sourcecode.swift; path = AppDelegate.swift; sourceTree = "<group>"; };
		3FF3623A215EEB79003FDBDB /* ProblemViewController.swift */ = {isa = PBXFileReference; lastKnownFileType = sourcecode.swift; path = ProblemViewController.swift; sourceTree = "<group>"; };
		3FF3623C215EEB79003FDBDB /* StatisticsViewController.swift */ = {isa = PBXFileReference; lastKnownFileType = sourcecode.swift; path = StatisticsViewController.swift; sourceTree = "<group>"; };
		3FF3623F215EEB79003FDBDB /* Base */ = {isa = PBXFileReference; lastKnownFileType = file.storyboard; name = Base; path = Base.lproj/Main.storyboard; sourceTree = "<group>"; };
		3FF36241215EEB79003FDBDB /* Assets.xcassets */ = {isa = PBXFileReference; lastKnownFileType = folder.assetcatalog; path = Assets.xcassets; sourceTree = "<group>"; };
		3FF36244215EEB79003FDBDB /* Base */ = {isa = PBXFileReference; lastKnownFileType = file.storyboard; name = Base; path = Base.lproj/LaunchScreen.storyboard; sourceTree = "<group>"; };
		3FF36246215EEB79003FDBDB /* Info.plist */ = {isa = PBXFileReference; lastKnownFileType = text.plist.xml; path = Info.plist; sourceTree = "<group>"; };
		3FF3624C215EEF2D003FDBDB /* ColorCodeInfoViewController.swift */ = {isa = PBXFileReference; lastKnownFileType = sourcecode.swift; path = ColorCodeInfoViewController.swift; sourceTree = "<group>"; };
/* End PBXFileReference section */

/* Begin PBXFrameworksBuildPhase section */
		3FF36232215EEB79003FDBDB /* Frameworks */ = {
			isa = PBXFrameworksBuildPhase;
			buildActionMask = 2147483647;
			files = (
			);
			runOnlyForDeploymentPostprocessing = 0;
		};
/* End PBXFrameworksBuildPhase section */

/* Begin PBXGroup section */
		3FF3622C215EEB79003FDBDB = {
			isa = PBXGroup;
			children = (
				3FF36237215EEB79003FDBDB /* Utile */,
				3FF36236215EEB79003FDBDB /* Products */,
			);
			sourceTree = "<group>";
		};
		3FF36236215EEB79003FDBDB /* Products */ = {
			isa = PBXGroup;
			children = (
				3FF36235215EEB79003FDBDB /* Utile.app */,
			);
			name = Products;
			sourceTree = "<group>";
		};
		3FF36237215EEB79003FDBDB /* Utile */ = {
			isa = PBXGroup;
			children = (
				3FF36238215EEB79003FDBDB /* AppDelegate.swift */,
				3F297E5421603E8D00CFA70A /* IntPow.swift */,
				3FF3623A215EEB79003FDBDB /* ProblemViewController.swift */,
				3F297E5221603E6700CFA70A /* ElectricalEngineer.swift */,
				3FF3623C215EEB79003FDBDB /* StatisticsViewController.swift */,
				3FF3623E215EEB79003FDBDB /* Main.storyboard */,
				3FF3624C215EEF2D003FDBDB /* ColorCodeInfoViewController.swift */,
				3FF36241215EEB79003FDBDB /* Assets.xcassets */,
				3FF36243215EEB79003FDBDB /* LaunchScreen.storyboard */,
				3FF36246215EEB79003FDBDB /* Info.plist */,
			);
			path = Utile;
			sourceTree = "<group>";
		};
/* End PBXGroup section */

/* Begin PBXNativeTarget section */
		3FF36234215EEB79003FDBDB /* Utile */ = {
			isa = PBXNativeTarget;
			buildConfigurationList = 3FF36249215EEB79003FDBDB /* Build configuration list for PBXNativeTarget "Utile" */;
			buildPhases = (
				3FF36231215EEB79003FDBDB /* Sources */,
				3FF36232215EEB79003FDBDB /* Frameworks */,
				3FF36233215EEB79003FDBDB /* Resources */,
			);
			buildRules = (
			);
			dependencies = (
			);
			name = Utile;
			productName = Utile;
			productReference = 3FF36235215EEB79003FDBDB /* Utile.app */;
			productType = "com.apple.product-type.application";
		};
/* End PBXNativeTarget section */

/* Begin PBXProject section */
		3FF3622D215EEB79003FDBDB /* Project object */ = {
			isa = PBXProject;
			attributes = {
				LastSwiftUpdateCheck = 0920;
				LastUpgradeCheck = 0920;
				ORGANIZATIONNAME = student;
				TargetAttributes = {
					3FF36234215EEB79003FDBDB = {
						CreatedOnToolsVersion = 9.2;
						ProvisioningStyle = Automatic;
					};
				};
			};
			buildConfigurationList = 3FF36230215EEB79003FDBDB /* Build configuration list for PBXProject "Utile" */;
			compatibilityVersion = "Xcode 8.0";
			developmentRegion = en;
			hasScannedForEncodings = 0;
			knownRegions = (
				en,
				Base,
			);
			mainGroup = 3FF3622C215EEB79003FDBDB;
			productRefGroup = 3FF36236215EEB79003FDBDB /* Products */;
			projectDirPath = "";
			projectRoot = "";
			targets = (
				3FF36234215EEB79003FDBDB /* Utile */,
			);
		};
/* End PBXProject section */

/* Begin PBXResourcesBuildPhase section */
		3FF36233215EEB79003FDBDB /* Resources */ = {
			isa = PBXResourcesBuildPhase;
			buildActionMask = 2147483647;
			files = (
				3FF36245215EEB79003FDBDB /* LaunchScreen.storyboard in Resources */,
				3FF36242215EEB79003FDBDB /* Assets.xcassets in Resources */,
				3FF36240215EEB79003FDBDB /* Main.storyboard in Resources */,
			);
			runOnlyForDeploymentPostprocessing = 0;
		};
/* End PBXResourcesBuildPhase section */

/* Begin PBXSourcesBuildPhase section */
		3FF36231215EEB79003FDBDB /* Sources */ = {
			isa = PBXSourcesBuildPhase;
			buildActionMask = 2147483647;
			files = (
				3FF3623D215EEB79003FDBDB /* StatisticsViewController.swift in Sources */,
				3FF36239215EEB79003FDBDB /* AppDelegate.swift in Sources */,
				3F297E5521603E8D00CFA70A /* IntPow.swift in Sources */,
				3FF3623B215EEB79003FDBDB /* ProblemViewController.swift in Sources */,
				3F297E5321603E6700CFA70A /* ElectricalEngineer.swift in Sources */,
				3FF3624D215EEF2D003FDBDB /* ColorCodeInfoViewController.swift in Sources */,
			);
			runOnlyForDeploymentPostprocessing = 0;
		};
/* End PBXSourcesBuildPhase section */

/* Begin PBXVariantGroup section */
		3FF3623E215EEB79003FDBDB /* Main.storyboard */ = {
			isa = PBXVariantGroup;
			children = (
				3FF3623F215EEB79003FDBDB /* Base */,
			);
			name = Main.storyboard;
			sourceTree = "<group>";
		};
		3FF36243215EEB79003FDBDB /* LaunchScreen.storyboard */ = {
			isa = PBXVariantGroup;
			children = (
				3FF36244215EEB79003FDBDB /* Base */,
			);
			name = LaunchScreen.storyboard;
			sourceTree = "<group>";
		};
/* End PBXVariantGroup section */

/* Begin XCBuildConfiguration section */
		3FF36247215EEB79003FDBDB /* Debug */ = {
			isa = XCBuildConfiguration;
			buildSettings = {
				ALWAYS_SEARCH_USER_PATHS = NO;
				CLANG_ANALYZER_NONNULL = YES;
				CLANG_ANALYZER_NUMBER_OBJECT_CONVERSION = YES_AGGRESSIVE;
				CLANG_CXX_LANGUAGE_STANDARD = "gnu++14";
				CLANG_CXX_LIBRARY = "libc++";
				CLANG_ENABLE_MODULES = YES;
				CLANG_ENABLE_OBJC_ARC = YES;
				CLANG_WARN_BLOCK_CAPTURE_AUTORELEASING = YES;
				CLANG_WARN_BOOL_CONVERSION = YES;
				CLANG_WARN_COMMA = YES;
				CLANG_WARN_CONSTANT_CONVERSION = YES;
				CLANG_WARN_DIRECT_OBJC_ISA_USAGE = YES_ERROR;
				CLANG_WARN_DOCUMENTATION_COMMENTS = YES;
				CLANG_WARN_EMPTY_BODY = YES;
				CLANG_WARN_ENUM_CONVERSION = YES;
				CLANG_WARN_INFINITE_RECURSION = YES;
				CLANG_WARN_INT_CONVERSION = YES;
				CLANG_WARN_NON_LITERAL_NULL_CONVERSION = YES;
				CLANG_WARN_OBJC_LITERAL_CONVERSION = YES;
				CLANG_WARN_OBJC_ROOT_CLASS = YES_ERROR;
				CLANG_WARN_RANGE_LOOP_ANALYSIS = YES;
				CLANG_WARN_STRICT_PROTOTYPES = YES;
				CLANG_WARN_SUSPICIOUS_MOVE = YES;
				CLANG_WARN_UNGUARDED_AVAILABILITY = YES_AGGRESSIVE;
				CLANG_WARN_UNREACHABLE_CODE = YES;
				CLANG_WARN__DUPLICATE_METHOD_MATCH = YES;
				CODE_SIGN_IDENTITY = "iPhone Developer";
				COPY_PHASE_STRIP = NO;
				DEBUG_INFORMATION_FORMAT = dwarf;
				ENABLE_STRICT_OBJC_MSGSEND = YES;
				ENABLE_TESTABILITY = YES;
				GCC_C_LANGUAGE_STANDARD = gnu11;
				GCC_DYNAMIC_NO_PIC = NO;
				GCC_NO_COMMON_BLOCKS = YES;
				GCC_OPTIMIZATION_LEVEL = 0;
				GCC_PREPROCESSOR_DEFINITIONS = (
					"DEBUG=1",
					"$(inherited)",
				);
				GCC_WARN_64_TO_32_BIT_CONVERSION = YES;
				GCC_WARN_ABOUT_RETURN_TYPE = YES_ERROR;
				GCC_WARN_UNDECLARED_SELECTOR = YES;
				GCC_WARN_UNINITIALIZED_AUTOS = YES_AGGRESSIVE;
				GCC_WARN_UNUSED_FUNCTION = YES;
				GCC_WARN_UNUSED_VARIABLE = YES;
				IPHONEOS_DEPLOYMENT_TARGET = 11.2;
				MTL_ENABLE_DEBUG_INFO = YES;
				ONLY_ACTIVE_ARCH = YES;
				SDKROOT = iphoneos;
				SWIFT_ACTIVE_COMPILATION_CONDITIONS = DEBUG;
				SWIFT_OPTIMIZATION_LEVEL = "-Onone";
			};
			name = Debug;
		};
		3FF36248215EEB79003FDBDB /* Release */ = {
			isa = XCBuildConfiguration;
			buildSettings = {
				ALWAYS_SEARCH_USER_PATHS = NO;
				CLANG_ANALYZER_NONNULL = YES;
				CLANG_ANALYZER_NUMBER_OBJECT_CONVERSION = YES_AGGRESSIVE;
				CLANG_CXX_LANGUAGE_STANDARD = "gnu++14";
				CLANG_CXX_LIBRARY = "libc++";
				CLANG_ENABLE_MODULES = YES;
				CLANG_ENABLE_OBJC_ARC = YES;
				CLANG_WARN_BLOCK_CAPTURE_AUTORELEASING = YES;
				CLANG_WARN_BOOL_CONVERSION = YES;
				CLANG_WARN_COMMA = YES;
				CLANG_WARN_CONSTANT_CONVERSION = YES;
				CLANG_WARN_DIRECT_OBJC_ISA_USAGE = YES_ERROR;
				CLANG_WARN_DOCUMENTATION_COMMENTS = YES;
				CLANG_WARN_EMPTY_BODY = YES;
				CLANG_WARN_ENUM_CONVERSION = YES;
				CLANG_WARN_INFINITE_RECURSION = YES;
				CLANG_WARN_INT_CONVERSION = YES;
				CLANG_WARN_NON_LITERAL_NULL_CONVERSION = YES;
				CLANG_WARN_OBJC_LITERAL_CONVERSION = YES;
				CLANG_WARN_OBJC_ROOT_CLASS = YES_ERROR;
				CLANG_WARN_RANGE_LOOP_ANALYSIS = YES;
				CLANG_WARN_STRICT_PROTOTYPES = YES;
				CLANG_WARN_SUSPICIOUS_MOVE = YES;
				CLANG_WARN_UNGUARDED_AVAILABILITY = YES_AGGRESSIVE;
				CLANG_WARN_UNREACHABLE_CODE = YES;
				CLANG_WARN__DUPLICATE_METHOD_MATCH = YES;
				CODE_SIGN_IDENTITY = "iPhone Developer";
				COPY_PHASE_STRIP = NO;
				DEBUG_INFORMATION_FORMAT = "dwarf-with-dsym";
				ENABLE_NS_ASSERTIONS = NO;
				ENABLE_STRICT_OBJC_MSGSEND = YES;
				GCC_C_LANGUAGE_STANDARD = gnu11;
				GCC_NO_COMMON_BLOCKS = YES;
				GCC_WARN_64_TO_32_BIT_CONVERSION = YES;
				GCC_WARN_ABOUT_RETURN_TYPE = YES_ERROR;
				GCC_WARN_UNDECLARED_SELECTOR = YES;
				GCC_WARN_UNINITIALIZED_AUTOS = YES_AGGRESSIVE;
				GCC_WARN_UNUSED_FUNCTION = YES;
				GCC_WARN_UNUSED_VARIABLE = YES;
				IPHONEOS_DEPLOYMENT_TARGET = 11.2;
				MTL_ENABLE_DEBUG_INFO = NO;
				SDKROOT = iphoneos;
				SWIFT_OPTIMIZATION_LEVEL = "-Owholemodule";
				VALIDATE_PRODUCT = YES;
			};
			name = Release;
		};
		3FF3624A215EEB79003FDBDB /* Debug */ = {
			isa = XCBuildConfiguration;
			buildSettings = {
				ASSETCATALOG_COMPILER_APPICON_NAME = AppIcon;
				CODE_SIGN_STYLE = Automatic;
				DEVELOPMENT_TEAM = C474W6J7J3;
				INFOPLIST_FILE = Utile/Info.plist;
				LD_RUNPATH_SEARCH_PATHS = "$(inherited) @executable_path/Frameworks";
				PRODUCT_BUNDLE_IDENTIFIER = com.Resistance.org.Utile;
				PRODUCT_NAME = "$(TARGET_NAME)";
				SWIFT_VERSION = 4.0;
				TARGETED_DEVICE_FAMILY = "1,2";
			};
			name = Debug;
		};
		3FF3624B215EEB79003FDBDB /* Release */ = {
			isa = XCBuildConfiguration;
			buildSettings = {
				ASSETCATALOG_COMPILER_APPICON_NAME = AppIcon;
				CODE_SIGN_STYLE = Automatic;
				DEVELOPMENT_TEAM = C474W6J7J3;
				INFOPLIST_FILE = Utile/Info.plist;
				LD_RUNPATH_SEARCH_PATHS = "$(inherited) @executable_path/Frameworks";
				PRODUCT_BUNDLE_IDENTIFIER = com.Resistance.org.Utile;
				PRODUCT_NAME = "$(TARGET_NAME)";
				SWIFT_VERSION = 4.0;
				TARGETED_DEVICE_FAMILY = "1,2";
			};
			name = Release;
		};
/* End XCBuildConfiguration section */

/* Begin XCConfigurationList section */
		3FF36230215EEB79003FDBDB /* Build configuration list for PBXProject "Utile" */ = {
			isa = XCConfigurationList;
			buildConfigurations = (
				3FF36247215EEB79003FDBDB /* Debug */,
				3FF36248215EEB79003FDBDB /* Release */,
			);
			defaultConfigurationIsVisible = 0;
			defaultConfigurationName = Release;
		};
		3FF36249215EEB79003FDBDB /* Build configuration list for PBXNativeTarget "Utile" */ = {
			isa = XCConfigurationList;
			buildConfigurations = (
				3FF3624A215EEB79003FDBDB /* Debug */,
				3FF3624B215EEB79003FDBDB /* Release */,
			);
			defaultConfigurationIsVisible = 0;
			defaultConfigurationName = Release;
		};
/* End XCConfigurationList section */
	};
	rootObject = 3FF3622D215EEB79003FDBDB /* Project object */;
}
